
Microsoft Visual Studio Solution File, Format Version 11.00
# Visual Studio 2010
Project("{FAE04EC0-301F-11D3-BF4B-00C04F79EFBC}") = "Assembly-CSharp-firstpass", "Assembly-CSharp-firstpass.csproj", "{d76d9e59-edb3-19be-d66f-3662fbf4230d}"
EndProject
Project("{FAE04EC0-301F-11D3-BF4B-00C04F79EFBC}") = "Assembly-CSharp", "Assembly-CSharp.csproj", "{fb3feff6-9e7b-1636-61ce-2673a88c0c26}"
EndProject
Global
	GlobalSection(SolutionConfigurationPlatforms) = preSolution
		Debug|Any CPU = Debug|Any CPU
	EndGlobalSection
	GlobalSection(ProjectConfigurationPlatforms) = postSolution
		{d76d9e59-edb3-19be-d66f-3662fbf4230d}.Debug|Any CPU.ActiveCfg = Debug|Any CPU
		{d76d9e59-edb3-19be-d66f-3662fbf4230d}.Debug|Any CPU.Build.0 = Debug|Any CPU
		{fb3feff6-9e7b-1636-61ce-2673a88c0c26}.Debug|Any CPU.ActiveCfg = Debug|Any CPU
		{fb3feff6-9e7b-1636-61ce-2673a88c0c26}.Debug|Any CPU.Build.0 = Debug|Any CPU
	EndGlobalSection
	GlobalSection(SolutionProperties) = preSolution
		HideSolutionNode = FALSE
	EndGlobalSection
EndGlobal
